
Microsoft Visual Studio Solution File, Format Version 12.00
# Visual Studio 15
VisualStudioVersion = 15.0.28307.705
MinimumVisualStudioVersion = 10.0.40219.1
Project("{9092AA53-FB77-4645-B42D-1CCCA6BD08BD}") = "TestIot", "TestIot.njsproj", "{BC18EF3A-E7F4-422C-B415-CE9BE45B2D7D}"
EndProject
Global
	GlobalSection(SolutionConfigurationPlatforms) = preSolution
		Debug|Any CPU = Debug|Any CPU
		Release|Any CPU = Release|Any CPU
	EndGlobalSection
	GlobalSection(ProjectConfigurationPlatforms) = postSolution
		{BC18EF3A-E7F4-422C-B415-CE9BE45B2D7D}.Debug|Any CPU.ActiveCfg = Debug|Any CPU
		{BC18EF3A-E7F4-422C-B415-CE9BE45B2D7D}.Debug|Any CPU.Build.0 = Debug|Any CPU
		{BC18EF3A-E7F4-422C-B415-CE9BE45B2D7D}.Release|Any CPU.ActiveCfg = Release|Any CPU
		{BC18EF3A-E7F4-422C-B415-CE9BE45B2D7D}.Release|Any CPU.Build.0 = Release|Any CPU
	EndGlobalSection
	GlobalSection(SolutionProperties) = preSolution
		HideSolutionNode = FALSE
	EndGlobalSection
	GlobalSection(ExtensibilityGlobals) = postSolution
		SolutionGuid = {5E71E1B3-EA4C-4ECC-BF28-8D0A61BD21F7}
	EndGlobalSection
EndGlobal
